
Microsoft Visual Studio Solution File, Format Version 12.00
# Visual Studio Version 17
VisualStudioVersion = 17.0.31903.59
MinimumVisualStudioVersion = 10.0.40219.1
Project("{2150E333-8FDC-42A3-9474-1A3956D46DE8}") = "Domain", "Domain", "{996CEBED-A05B-5D42-3FF0-982E087A2599}"
EndProject
Project("{FAE04EC0-301F-11D3-BF4B-00C04F79EFBC}") = "SportZone.Domain", "Domain\SportZone.Domain.csproj", "{685FA5FD-8A43-46FD-BDBA-F0F297EF8048}"
EndProject
Project("{2150E333-8FDC-42A3-9474-1A3956D46DE8}") = "Application", "Application", "{A74F262E-BDE7-D5D2-89E9-785413424D0A}"
EndProject
Project("{FAE04EC0-301F-11D3-BF4B-00C04F79EFBC}") = "SportZone.Application", "Application\SportZone.Application.csproj", "{2D4ED0D0-6229-4975-BF1A-DF68F6F97DCE}"
EndProject
Project("{2150E333-8FDC-42A3-9474-1A3956D46DE8}") = "Infrastructure", "Infrastructure", "{DFEE68D8-A7D0-1A41-506C-9B74AA9A7B7B}"
EndProject
Project("{FAE04EC0-301F-11D3-BF4B-00C04F79EFBC}") = "SportZone.Infrastructure", "Infrastructure\SportZone.Infrastructure.csproj", "{E9ED5A2D-887A-4E41-B6DB-A7BBF77862C8}"
EndProject
Project("{2150E333-8FDC-42A3-9474-1A3956D46DE8}") = "API", "API", "{D82C56D6-B2CD-F611-9E31-04638F7EC30E}"
EndProject
Project("{FAE04EC0-301F-11D3-BF4B-00C04F79EFBC}") = "SportZone.API", "API\SportZone.API.csproj", "{3F62DB2C-3306-433D-BEC1-176F4BEA554C}"
EndProject
Global
	GlobalSection(SolutionConfigurationPlatforms) = preSolution
		Debug|Any CPU = Debug|Any CPU
		Debug|x64 = Debug|x64
		Debug|x86 = Debug|x86
		Release|Any CPU = Release|Any CPU
		Release|x64 = Release|x64
		Release|x86 = Release|x86
	EndGlobalSection
	GlobalSection(ProjectConfigurationPlatforms) = postSolution
		{685FA5FD-8A43-46FD-BDBA-F0F297EF8048}.Debug|Any CPU.ActiveCfg = Debug|Any CPU
		{685FA5FD-8A43-46FD-BDBA-F0F297EF8048}.Debug|Any CPU.Build.0 = Debug|Any CPU
		{685FA5FD-8A43-46FD-BDBA-F0F297EF8048}.Debug|x64.ActiveCfg = Debug|Any CPU
		{685FA5FD-8A43-46FD-BDBA-F0F297EF8048}.Debug|x64.Build.0 = Debug|Any CPU
		{685FA5FD-8A43-46FD-BDBA-F0F297EF8048}.Debug|x86.ActiveCfg = Debug|Any CPU
		{685FA5FD-8A43-46FD-BDBA-F0F297EF8048}.Debug|x86.Build.0 = Debug|Any CPU
		{685FA5FD-8A43-46FD-BDBA-F0F297EF8048}.Release|Any CPU.ActiveCfg = Release|Any CPU
		{685FA5FD-8A43-46FD-BDBA-F0F297EF8048}.Release|Any CPU.Build.0 = Release|Any CPU
		{685FA5FD-8A43-46FD-BDBA-F0F297EF8048}.Release|x64.ActiveCfg = Release|Any CPU
		{685FA5FD-8A43-46FD-BDBA-F0F297EF8048}.Release|x64.Build.0 = Release|Any CPU
		{685FA5FD-8A43-46FD-BDBA-F0F297EF8048}.Release|x86.ActiveCfg = Release|Any CPU
		{685FA5FD-8A43-46FD-BDBA-F0F297EF8048}.Release|x86.Build.0 = Release|Any CPU
		{2D4ED0D0-6229-4975-BF1A-DF68F6F97DCE}.Debug|Any CPU.ActiveCfg = Debug|Any CPU
		{2D4ED0D0-6229-4975-BF1A-DF68F6F97DCE}.Debug|Any CPU.Build.0 = Debug|Any CPU
		{2D4ED0D0-6229-4975-BF1A-DF68F6F97DCE}.Debug|x64.ActiveCfg = Debug|Any CPU
		{2D4ED0D0-6229-4975-BF1A-DF68F6F97DCE}.Debug|x64.Build.0 = Debug|Any CPU
		{2D4ED0D0-6229-4975-BF1A-DF68F6F97DCE}.Debug|x86.ActiveCfg = Debug|Any CPU
		{2D4ED0D0-6229-4975-BF1A-DF68F6F97DCE}.Debug|x86.Build.0 = Debug|Any CPU
		{2D4ED0D0-6229-4975-BF1A-DF68F6F97DCE}.Release|Any CPU.ActiveCfg = Release|Any CPU
		{2D4ED0D0-6229-4975-BF1A-DF68F6F97DCE}.Release|Any CPU.Build.0 = Release|Any CPU
		{2D4ED0D0-6229-4975-BF1A-DF68F6F97DCE}.Release|x64.ActiveCfg = Release|Any CPU
		{2D4ED0D0-6229-4975-BF1A-DF68F6F97DCE}.Release|x64.Build.0 = Release|Any CPU
		{2D4ED0D0-6229-4975-BF1A-DF68F6F97DCE}.Release|x86.ActiveCfg = Release|Any CPU
		{2D4ED0D0-6229-4975-BF1A-DF68F6F97DCE}.Release|x86.Build.0 = Release|Any CPU
		{E9ED5A2D-887A-4E41-B6DB-A7BBF77862C8}.Debug|Any CPU.ActiveCfg = Debug|Any CPU
		{E9ED5A2D-887A-4E41-B6DB-A7BBF77862C8}.Debug|Any CPU.Build.0 = Debug|Any CPU
		{E9ED5A2D-887A-4E41-B6DB-A7BBF77862C8}.Debug|x64.ActiveCfg = Debug|Any CPU
		{E9ED5A2D-887A-4E41-B6DB-A7BBF77862C8}.Debug|x64.Build.0 = Debug|Any CPU
		{E9ED5A2D-887A-4E41-B6DB-A7BBF77862C8}.Debug|x86.ActiveCfg = Debug|Any CPU
		{E9ED5A2D-887A-4E41-B6DB-A7BBF77862C8}.Debug|x86.Build.0 = Debug|Any CPU
		{E9ED5A2D-887A-4E41-B6DB-A7BBF77862C8}.Release|Any CPU.ActiveCfg = Release|Any CPU
		{E9ED5A2D-887A-4E41-B6DB-A7BBF77862C8}.Release|Any CPU.Build.0 = Release|Any CPU
		{E9ED5A2D-887A-4E41-B6DB-A7BBF77862C8}.Release|x64.ActiveCfg = Release|Any CPU
		{E9ED5A2D-887A-4E41-B6DB-A7BBF77862C8}.Release|x64.Build.0 = Release|Any CPU
		{E9ED5A2D-887A-4E41-B6DB-A7BBF77862C8}.Release|x86.ActiveCfg = Release|Any CPU
		{E9ED5A2D-887A-4E41-B6DB-A7BBF77862C8}.Release|x86.Build.0 = Release|Any CPU
		{3F62DB2C-3306-433D-BEC1-176F4BEA554C}.Debug|Any CPU.ActiveCfg = Debug|Any CPU
		{3F62DB2C-3306-433D-BEC1-176F4BEA554C}.Debug|Any CPU.Build.0 = Debug|Any CPU
		{3F62DB2C-3306-433D-BEC1-176F4BEA554C}.Debug|x64.ActiveCfg = Debug|Any CPU
		{3F62DB2C-3306-433D-BEC1-176F4BEA554C}.Debug|x64.Build.0 = Debug|Any CPU
		{3F62DB2C-3306-433D-BEC1-176F4BEA554C}.Debug|x86.ActiveCfg = Debug|Any CPU
		{3F62DB2C-3306-433D-BEC1-176F4BEA554C}.Debug|x86.Build.0 = Debug|Any CPU
		{3F62DB2C-3306-433D-BEC1-176F4BEA554C}.Release|Any CPU.ActiveCfg = Release|Any CPU
		{3F62DB2C-3306-433D-BEC1-176F4BEA554C}.Release|Any CPU.Build.0 = Release|Any CPU
		{3F62DB2C-3306-433D-BEC1-176F4BEA554C}.Release|x64.ActiveCfg = Release|Any CPU
		{3F62DB2C-3306-433D-BEC1-176F4BEA554C}.Release|x64.Build.0 = Release|Any CPU
		{3F62DB2C-3306-433D-BEC1-176F4BEA554C}.Release|x86.ActiveCfg = Release|Any CPU
		{3F62DB2C-3306-433D-BEC1-176F4BEA554C}.Release|x86.Build.0 = Release|Any CPU
	EndGlobalSection
	GlobalSection(SolutionProperties) = preSolution
		HideSolutionNode = FALSE
	EndGlobalSection
	GlobalSection(NestedProjects) = preSolution
		{685FA5FD-8A43-46FD-BDBA-F0F297EF8048} = {996CEBED-A05B-5D42-3FF0-982E087A2599}
		{2D4ED0D0-6229-4975-BF1A-DF68F6F97DCE} = {A74F262E-BDE7-D5D2-89E9-785413424D0A}
		{E9ED5A2D-887A-4E41-B6DB-A7BBF77862C8} = {DFEE68D8-A7D0-1A41-506C-9B74AA9A7B7B}
		{3F62DB2C-3306-433D-BEC1-176F4BEA554C} = {D82C56D6-B2CD-F611-9E31-04638F7EC30E}
	EndGlobalSection
EndGlobal
